// !$*UTF8*$!
{
	archiveVersion = 1;
	classes = {
	};
	objectVersion = 46;
	objects = {

/* Begin PBXBuildFile section */
		7A1D4F1019100F8E00FF54BF /* AutoCompleteView.xib in Resources */ = {isa = PBXBuildFile; fileRef = 7A1D4F0F19100F8E00FF54BF /* AutoCompleteView.xib */; };
		7A1D4F13191019E800FF54BF /* AutoCompleteView.m in Sources */ = {isa = PBXBuildFile; fileRef = 7A1D4F12191019E800FF54BF /* AutoCompleteView.m */; };
		7A7AAF8E18F89BF100A9C799 /* ShoppingItemViewController.m in Sources */ = {isa = PBXBuildFile; fileRef = 7A7AAF8D18F89BF100A9C799 /* ShoppingItemViewController.m */; };
		7A7AAF9118F89C3500A9C799 /* ShoppingItem.m in Sources */ = {isa = PBXBuildFile; fileRef = 7A7AAF9018F89C3500A9C799 /* ShoppingItem.m */; };
		7AA4F89E18F88D2200408C6F /* Foundation.framework in Frameworks */ = {isa = PBXBuildFile; fileRef = 7AA4F89D18F88D2200408C6F /* Foundation.framework */; };
		7AA4F8A018F88D2200408C6F /* CoreGraphics.framework in Frameworks */ = {isa = PBXBuildFile; fileRef = 7AA4F89F18F88D2200408C6F /* CoreGraphics.framework */; };
		7AA4F8A218F88D2200408C6F /* UIKit.framework in Frameworks */ = {isa = PBXBuildFile; fileRef = 7AA4F8A118F88D2200408C6F /* UIKit.framework */; };
		7AA4F8A818F88D2200408C6F /* InfoPlist.strings in Resources */ = {isa = PBXBuildFile; fileRef = 7AA4F8A618F88D2200408C6F /* InfoPlist.strings */; };
		7AA4F8AA18F88D2200408C6F /* main.m in Sources */ = {isa = PBXBuildFile; fileRef = 7AA4F8A918F88D2200408C6F /* main.m */; };
		7AA4F8AE18F88D2200408C6F /* AppDelegate.m in Sources */ = {isa = PBXBuildFile; fileRef = 7AA4F8AD18F88D2200408C6F /* AppDelegate.m */; };
		7AA4F8B118F88D2200408C6F /* Main.storyboard in Resources */ = {isa = PBXBuildFile; fileRef = 7AA4F8AF18F88D2200408C6F /* Main.storyboard */; };
		7AA4F8B618F88D2200408C6F /* Images.xcassets in Resources */ = {isa = PBXBuildFile; fileRef = 7AA4F8B518F88D2200408C6F /* Images.xcassets */; };
		7AA4F8BD18F88D2300408C6F /* XCTest.framework in Frameworks */ = {isa = PBXBuildFile; fileRef = 7AA4F8BC18F88D2300408C6F /* XCTest.framework */; };
		7AA4F8BE18F88D2300408C6F /* Foundation.framework in Frameworks */ = {isa = PBXBuildFile; fileRef = 7AA4F89D18F88D2200408C6F /* Foundation.framework */; };
		7AA4F8BF18F88D2300408C6F /* UIKit.framework in Frameworks */ = {isa = PBXBuildFile; fileRef = 7AA4F8A118F88D2200408C6F /* UIKit.framework */; };
		7AA4F8C718F88D2300408C6F /* InfoPlist.strings in Resources */ = {isa = PBXBuildFile; fileRef = 7AA4F8C518F88D2300408C6F /* InfoPlist.strings */; };
		7AA4F8C918F88D2300408C6F /* OrShopTests.m in Sources */ = {isa = PBXBuildFile; fileRef = 7AA4F8C818F88D2300408C6F /* OrShopTests.m */; };
		7AA4F8D418F8909100408C6F /* ShoppingItemCell.m in Sources */ = {isa = PBXBuildFile; fileRef = 7AA4F8D318F8909100408C6F /* ShoppingItemCell.m */; };
		7AA70FD21904A1AB00E814EF /* ShoppingList.plist in Resources */ = {isa = PBXBuildFile; fileRef = 7AA70FD11904A1AB00E814EF /* ShoppingList.plist */; };
		7AA70FD51904A85F00E814EF /* DataSourceController.m in Sources */ = {isa = PBXBuildFile; fileRef = 7AA70FD41904A85F00E814EF /* DataSourceController.m */; };
		7AE23EF018F898290064E7B0 /* ShoppingListTableViewController.m in Sources */ = {isa = PBXBuildFile; fileRef = 7AE23EEF18F898290064E7B0 /* ShoppingListTableViewController.m */; };
		7AE23EF318F899A60064E7B0 /* StoreTableViewController.m in Sources */ = {isa = PBXBuildFile; fileRef = 7AE23EF218F899A60064E7B0 /* StoreTableViewController.m */; };
/* End PBXBuildFile section */

/* Begin PBXContainerItemProxy section */
		7AA4F8C018F88D2300408C6F /* PBXContainerItemProxy */ = {
			isa = PBXContainerItemProxy;
			containerPortal = 7AA4F89218F88D2200408C6F /* Project object */;
			proxyType = 1;
			remoteGlobalIDString = 7AA4F89918F88D2200408C6F;
			remoteInfo = OrShop;
		};
/* End PBXContainerItemProxy section */

/* Begin PBXFileReference section */
		7A1D4F0F19100F8E00FF54BF /* AutoCompleteView.xib */ = {isa = PBXFileReference; fileEncoding = 4; lastKnownFileType = file.xib; path = AutoCompleteView.xib; sourceTree = "<group>"; };
		7A1D4F11191019E800FF54BF /* AutoCompleteView.h */ = {isa = PBXFileReference; fileEncoding = 4; lastKnownFileType = sourcecode.c.h; path = AutoCompleteView.h; sourceTree = "<group>"; };
		7A1D4F12191019E800FF54BF /* AutoCompleteView.m */ = {isa = PBXFileReference; fileEncoding = 4; lastKnownFileType = sourcecode.c.objc; path = AutoCompleteView.m; sourceTree = "<group>"; };
		7A7AAF8C18F89BF100A9C799 /* ShoppingItemViewController.h */ = {isa = PBXFileReference; fileEncoding = 4; lastKnownFileType = sourcecode.c.h; path = ShoppingItemViewController.h; sourceTree = "<group>"; };
		7A7AAF8D18F89BF100A9C799 /* ShoppingItemViewController.m */ = {isa = PBXFileReference; fileEncoding = 4; lastKnownFileType = sourcecode.c.objc; path = ShoppingItemViewController.m; sourceTree = "<group>"; };
		7A7AAF8F18F89C3500A9C799 /* ShoppingItem.h */ = {isa = PBXFileReference; fileEncoding = 4; lastKnownFileType = sourcecode.c.h; path = ShoppingItem.h; sourceTree = "<group>"; };
		7A7AAF9018F89C3500A9C799 /* ShoppingItem.m */ = {isa = PBXFileReference; fileEncoding = 4; lastKnownFileType = sourcecode.c.objc; path = ShoppingItem.m; sourceTree = "<group>"; };
		7AA4F89A18F88D2200408C6F /* OrShop.app */ = {isa = PBXFileReference; explicitFileType = wrapper.application; includeInIndex = 0; path = OrShop.app; sourceTree = BUILT_PRODUCTS_DIR; };
		7AA4F89D18F88D2200408C6F /* Foundation.framework */ = {isa = PBXFileReference; lastKnownFileType = wrapper.framework; name = Foundation.framework; path = System/Library/Frameworks/Foundation.framework; sourceTree = SDKROOT; };
		7AA4F89F18F88D2200408C6F /* CoreGraphics.framework */ = {isa = PBXFileReference; lastKnownFileType = wrapper.framework; name = CoreGraphics.framework; path = System/Library/Frameworks/CoreGraphics.framework; sourceTree = SDKROOT; };
		7AA4F8A118F88D2200408C6F /* UIKit.framework */ = {isa = PBXFileReference; lastKnownFileType = wrapper.framework; name = UIKit.framework; path = System/Library/Frameworks/UIKit.framework; sourceTree = SDKROOT; };
		7AA4F8A518F88D2200408C6F /* OrShop-Info.plist */ = {isa = PBXFileReference; lastKnownFileType = text.plist.xml; path = "OrShop-Info.plist"; sourceTree = "<group>"; };
		7AA4F8A718F88D2200408C6F /* en */ = {isa = PBXFileReference; lastKnownFileType = text.plist.strings; name = en; path = en.lproj/InfoPlist.strings; sourceTree = "<group>"; };
		7AA4F8A918F88D2200408C6F /* main.m */ = {isa = PBXFileReference; lastKnownFileType = sourcecode.c.objc; path = main.m; sourceTree = "<group>"; };
		7AA4F8AB18F88D2200408C6F /* OrShop-Prefix.pch */ = {isa = PBXFileReference; lastKnownFileType = sourcecode.c.h; path = "OrShop-Prefix.pch"; sourceTree = "<group>"; };
		7AA4F8AC18F88D2200408C6F /* AppDelegate.h */ = {isa = PBXFileReference; lastKnownFileType = sourcecode.c.h; path = AppDelegate.h; sourceTree = "<group>"; };
		7AA4F8AD18F88D2200408C6F /* AppDelegate.m */ = {isa = PBXFileReference; lastKnownFileType = sourcecode.c.objc; path = AppDelegate.m; sourceTree = "<group>"; };
		7AA4F8B018F88D2200408C6F /* Base */ = {isa = PBXFileReference; lastKnownFileType = file.storyboard; name = Base; path = Base.lproj/Main.storyboard; sourceTree = "<group>"; };
		7AA4F8B518F88D2200408C6F /* Images.xcassets */ = {isa = PBXFileReference; lastKnownFileType = folder.assetcatalog; path = Images.xcassets; sourceTree = "<group>"; };
		7AA4F8BB18F88D2300408C6F /* OrShopTests.xctest */ = {isa = PBXFileReference; explicitFileType = wrapper.cfbundle; includeInIndex = 0; path = OrShopTests.xctest; sourceTree = BUILT_PRODUCTS_DIR; };
		7AA4F8BC18F88D2300408C6F /* XCTest.framework */ = {isa = PBXFileReference; lastKnownFileType = wrapper.framework; name = XCTest.framework; path = Library/Frameworks/XCTest.framework; sourceTree = DEVELOPER_DIR; };
		7AA4F8C418F88D2300408C6F /* OrShopTests-Info.plist */ = {isa = PBXFileReference; lastKnownFileType = text.plist.xml; path = "OrShopTests-Info.plist"; sourceTree = "<group>"; };
		7AA4F8C618F88D2300408C6F /* en */ = {isa = PBXFileReference; lastKnownFileType = text.plist.strings; name = en; path = en.lproj/InfoPlist.strings; sourceTree = "<group>"; };
		7AA4F8C818F88D2300408C6F /* OrShopTests.m */ = {isa = PBXFileReference; lastKnownFileType = sourcecode.c.objc; path = OrShopTests.m; sourceTree = "<group>"; };
		7AA4F8D218F8909100408C6F /* ShoppingItemCell.h */ = {isa = PBXFileReference; fileEncoding = 4; lastKnownFileType = sourcecode.c.h; path = ShoppingItemCell.h; sourceTree = "<group>"; };
		7AA4F8D318F8909100408C6F /* ShoppingItemCell.m */ = {isa = PBXFileReference; fileEncoding = 4; lastKnownFileType = sourcecode.c.objc; path = ShoppingItemCell.m; sourceTree = "<group>"; };
		7AA70FD11904A1AB00E814EF /* ShoppingList.plist */ = {isa = PBXFileReference; fileEncoding = 4; lastKnownFileType = text.plist.xml; path = ShoppingList.plist; sourceTree = "<group>"; };
		7AA70FD31904A85F00E814EF /* DataSourceController.h */ = {isa = PBXFileReference; fileEncoding = 4; lastKnownFileType = sourcecode.c.h; path = DataSourceController.h; sourceTree = "<group>"; };
		7AA70FD41904A85F00E814EF /* DataSourceController.m */ = {isa = PBXFileReference; fileEncoding = 4; lastKnownFileType = sourcecode.c.objc; path = DataSourceController.m; sourceTree = "<group>"; };
		7AE23EEE18F898290064E7B0 /* ShoppingListTableViewController.h */ = {isa = PBXFileReference; fileEncoding = 4; lastKnownFileType = sourcecode.c.h; path = ShoppingListTableViewController.h; sourceTree = "<group>"; };
		7AE23EEF18F898290064E7B0 /* ShoppingListTableViewController.m */ = {isa = PBXFileReference; fileEncoding = 4; lastKnownFileType = sourcecode.c.objc; path = ShoppingListTableViewController.m; sourceTree = "<group>"; };
		7AE23EF118F899A60064E7B0 /* StoreTableViewController.h */ = {isa = PBXFileReference; fileEncoding = 4; lastKnownFileType = sourcecode.c.h; path = StoreTableViewController.h; sourceTree = "<group>"; };
		7AE23EF218F899A60064E7B0 /* StoreTableViewController.m */ = {isa = PBXFileReference; fileEncoding = 4; lastKnownFileType = sourcecode.c.objc; path = StoreTableViewController.m; sourceTree = "<group>"; };
/* End PBXFileReference section */

/* Begin PBXFrameworksBuildPhase section */
		7AA4F89718F88D2200408C6F /* Frameworks */ = {
			isa = PBXFrameworksBuildPhase;
			buildActionMask = 2147483647;
			files = (
				7AA4F8A018F88D2200408C6F /* CoreGraphics.framework in Frameworks */,
				7AA4F8A218F88D2200408C6F /* UIKit.framework in Frameworks */,
				7AA4F89E18F88D2200408C6F /* Foundation.framework in Frameworks */,
			);
			runOnlyForDeploymentPostprocessing = 0;
		};
		7AA4F8B818F88D2300408C6F /* Frameworks */ = {
			isa = PBXFrameworksBuildPhase;
			buildActionMask = 2147483647;
			files = (
				7AA4F8BD18F88D2300408C6F /* XCTest.framework in Frameworks */,
				7AA4F8BF18F88D2300408C6F /* UIKit.framework in Frameworks */,
				7AA4F8BE18F88D2300408C6F /* Foundation.framework in Frameworks */,
			);
			runOnlyForDeploymentPostprocessing = 0;
		};
/* End PBXFrameworksBuildPhase section */

/* Begin PBXGroup section */
		7AA4F89118F88D2200408C6F = {
			isa = PBXGroup;
			children = (
				7AA4F8A318F88D2200408C6F /* OrShop */,
				7AA4F8C218F88D2300408C6F /* OrShopTests */,
				7AA4F89C18F88D2200408C6F /* Frameworks */,
				7AA4F89B18F88D2200408C6F /* Products */,
			);
			sourceTree = "<group>";
		};
		7AA4F89B18F88D2200408C6F /* Products */ = {
			isa = PBXGroup;
			children = (
				7AA4F89A18F88D2200408C6F /* OrShop.app */,
				7AA4F8BB18F88D2300408C6F /* OrShopTests.xctest */,
			);
			name = Products;
			sourceTree = "<group>";
		};
		7AA4F89C18F88D2200408C6F /* Frameworks */ = {
			isa = PBXGroup;
			children = (
				7AA4F89D18F88D2200408C6F /* Foundation.framework */,
				7AA4F89F18F88D2200408C6F /* CoreGraphics.framework */,
				7AA4F8A118F88D2200408C6F /* UIKit.framework */,
				7AA4F8BC18F88D2300408C6F /* XCTest.framework */,
			);
			name = Frameworks;
			sourceTree = "<group>";
		};
		7AA4F8A318F88D2200408C6F /* OrShop */ = {
			isa = PBXGroup;
			children = (
				7AA4F8AF18F88D2200408C6F /* Main.storyboard */,
				7A1D4F0F19100F8E00FF54BF /* AutoCompleteView.xib */,
				7AA4F8D618F890B200408C6F /* View Controllers */,
				7AA4F8D518F890A600408C6F /* Model */,
				7AA4F8B518F88D2200408C6F /* Images.xcassets */,
				7AA4F8A418F88D2200408C6F /* Supporting Files */,
			);
			path = OrShop;
			sourceTree = "<group>";
		};
		7AA4F8A418F88D2200408C6F /* Supporting Files */ = {
			isa = PBXGroup;
			children = (
				7AA4F8AC18F88D2200408C6F /* AppDelegate.h */,
				7AA4F8AD18F88D2200408C6F /* AppDelegate.m */,
				7AA4F8A518F88D2200408C6F /* OrShop-Info.plist */,
				7AA4F8A618F88D2200408C6F /* InfoPlist.strings */,
				7AA4F8A918F88D2200408C6F /* main.m */,
				7AA4F8AB18F88D2200408C6F /* OrShop-Prefix.pch */,
			);
			name = "Supporting Files";
			sourceTree = "<group>";
		};
		7AA4F8C218F88D2300408C6F /* OrShopTests */ = {
			isa = PBXGroup;
			children = (
				7AA4F8C818F88D2300408C6F /* OrShopTests.m */,
				7AA4F8C318F88D2300408C6F /* Supporting Files */,
			);
			path = OrShopTests;
			sourceTree = "<group>";
		};
		7AA4F8C318F88D2300408C6F /* Supporting Files */ = {
			isa = PBXGroup;
			children = (
				7AA4F8C418F88D2300408C6F /* OrShopTests-Info.plist */,
				7AA4F8C518F88D2300408C6F /* InfoPlist.strings */,
			);
			name = "Supporting Files";
			sourceTree = "<group>";
		};
		7AA4F8D518F890A600408C6F /* Model */ = {
			isa = PBXGroup;
			children = (
				7A7AAF8F18F89C3500A9C799 /* ShoppingItem.h */,
				7A7AAF9018F89C3500A9C799 /* ShoppingItem.m */,
				7AA70FD11904A1AB00E814EF /* ShoppingList.plist */,
				7AA70FD31904A85F00E814EF /* DataSourceController.h */,
				7AA70FD41904A85F00E814EF /* DataSourceController.m */,
			);
			name = Model;
			sourceTree = "<group>";
		};
		7AA4F8D618F890B200408C6F /* View Controllers */ = {
			isa = PBXGroup;
			children = (
				7AE23EF118F899A60064E7B0 /* StoreTableViewController.h */,
				7AE23EF218F899A60064E7B0 /* StoreTableViewController.m */,
				7AE23EEE18F898290064E7B0 /* ShoppingListTableViewController.h */,
				7AE23EEF18F898290064E7B0 /* ShoppingListTableViewController.m */,
				7AA4F8D218F8909100408C6F /* ShoppingItemCell.h */,
				7AA4F8D318F8909100408C6F /* ShoppingItemCell.m */,
				7A7AAF8C18F89BF100A9C799 /* ShoppingItemViewController.h */,
				7A7AAF8D18F89BF100A9C799 /* ShoppingItemViewController.m */,
				7A1D4F11191019E800FF54BF /* AutoCompleteView.h */,
				7A1D4F12191019E800FF54BF /* AutoCompleteView.m */,
			);
			name = "View Controllers";
			sourceTree = "<group>";
		};
/* End PBXGroup section */

/* Begin PBXNativeTarget section */
		7AA4F89918F88D2200408C6F /* OrShop */ = {
			isa = PBXNativeTarget;
			buildConfigurationList = 7AA4F8CC18F88D2300408C6F /* Build configuration list for PBXNativeTarget "OrShop" */;
			buildPhases = (
				7AA4F89618F88D2200408C6F /* Sources */,
				7AA4F89718F88D2200408C6F /* Frameworks */,
				7AA4F89818F88D2200408C6F /* Resources */,
			);
			buildRules = (
			);
			dependencies = (
			);
			name = OrShop;
			productName = OrShop;
			productReference = 7AA4F89A18F88D2200408C6F /* OrShop.app */;
			productType = "com.apple.product-type.application";
		};
		7AA4F8BA18F88D2300408C6F /* OrShopTests */ = {
			isa = PBXNativeTarget;
			buildConfigurationList = 7AA4F8CF18F88D2300408C6F /* Build configuration list for PBXNativeTarget "OrShopTests" */;
			buildPhases = (
				7AA4F8B718F88D2300408C6F /* Sources */,
				7AA4F8B818F88D2300408C6F /* Frameworks */,
				7AA4F8B918F88D2300408C6F /* Resources */,
			);
			buildRules = (
			);
			dependencies = (
				7AA4F8C118F88D2300408C6F /* PBXTargetDependency */,
			);
			name = OrShopTests;
			productName = OrShopTests;
			productReference = 7AA4F8BB18F88D2300408C6F /* OrShopTests.xctest */;
			productType = "com.apple.product-type.bundle.unit-test";
		};
/* End PBXNativeTarget section */

/* Begin PBXProject section */
		7AA4F89218F88D2200408C6F /* Project object */ = {
			isa = PBXProject;
			attributes = {
				LastUpgradeCheck = 0510;
				ORGANIZATIONNAME = "___FULLUSERNAME___";
				TargetAttributes = {
					7AA4F8BA18F88D2300408C6F = {
						TestTargetID = 7AA4F89918F88D2200408C6F;
					};
				};
			};
			buildConfigurationList = 7AA4F89518F88D2200408C6F /* Build configuration list for PBXProject "OrShop" */;
			compatibilityVersion = "Xcode 3.2";
			developmentRegion = English;
			hasScannedForEncodings = 0;
			knownRegions = (
				en,
				Base,
			);
			mainGroup = 7AA4F89118F88D2200408C6F;
			productRefGroup = 7AA4F89B18F88D2200408C6F /* Products */;
			projectDirPath = "";
			projectRoot = "";
			targets = (
				7AA4F89918F88D2200408C6F /* OrShop */,
				7AA4F8BA18F88D2300408C6F /* OrShopTests */,
			);
		};
/* End PBXProject section */

/* Begin PBXResourcesBuildPhase section */
		7AA4F89818F88D2200408C6F /* Resources */ = {
			isa = PBXResourcesBuildPhase;
			buildActionMask = 2147483647;
			files = (
				7AA70FD21904A1AB00E814EF /* ShoppingList.plist in Resources */,
				7AA4F8B618F88D2200408C6F /* Images.xcassets in Resources */,
				7AA4F8A818F88D2200408C6F /* InfoPlist.strings in Resources */,
				7A1D4F1019100F8E00FF54BF /* AutoCompleteView.xib in Resources */,
				7AA4F8B118F88D2200408C6F /* Main.storyboard in Resources */,
			);
			runOnlyForDeploymentPostprocessing = 0;
		};
		7AA4F8B918F88D2300408C6F /* Resources */ = {
			isa = PBXResourcesBuildPhase;
			buildActionMask = 2147483647;
			files = (
				7AA4F8C718F88D2300408C6F /* InfoPlist.strings in Resources */,
			);
			runOnlyForDeploymentPostprocessing = 0;
		};
/* End PBXResourcesBuildPhase section */

/* Begin PBXSourcesBuildPhase section */
		7AA4F89618F88D2200408C6F /* Sources */ = {
			isa = PBXSourcesBuildPhase;
			buildActionMask = 2147483647;
			files = (
				7AA4F8D418F8909100408C6F /* ShoppingItemCell.m in Sources */,
				7AE23EF018F898290064E7B0 /* ShoppingListTableViewController.m in Sources */,
				7AE23EF318F899A60064E7B0 /* StoreTableViewController.m in Sources */,
				7A7AAF8E18F89BF100A9C799 /* ShoppingItemViewController.m in Sources */,
				7AA70FD51904A85F00E814EF /* DataSourceController.m in Sources */,
				7A7AAF9118F89C3500A9C799 /* ShoppingItem.m in Sources */,
				7A1D4F13191019E800FF54BF /* AutoCompleteView.m in Sources */,
				7AA4F8AE18F88D2200408C6F /* AppDelegate.m in Sources */,
				7AA4F8AA18F88D2200408C6F /* main.m in Sources */,
			);
			runOnlyForDeploymentPostprocessing = 0;
		};
		7AA4F8B718F88D2300408C6F /* Sources */ = {
			isa = PBXSourcesBuildPhase;
			buildActionMask = 2147483647;
			files = (
				7AA4F8C918F88D2300408C6F /* OrShopTests.m in Sources */,
			);
			runOnlyForDeploymentPostprocessing = 0;
		};
/* End PBXSourcesBuildPhase section */

/* Begin PBXTargetDependency section */
		7AA4F8C118F88D2300408C6F /* PBXTargetDependency */ = {
			isa = PBXTargetDependency;
			target = 7AA4F89918F88D2200408C6F /* OrShop */;
			targetProxy = 7AA4F8C018F88D2300408C6F /* PBXContainerItemProxy */;
		};
/* End PBXTargetDependency section */

/* Begin PBXVariantGroup section */
		7AA4F8A618F88D2200408C6F /* InfoPlist.strings */ = {
			isa = PBXVariantGroup;
			children = (
				7AA4F8A718F88D2200408C6F /* en */,
			);
			name = InfoPlist.strings;
			sourceTree = "<group>";
		};
		7AA4F8AF18F88D2200408C6F /* Main.storyboard */ = {
			isa = PBXVariantGroup;
			children = (
				7AA4F8B018F88D2200408C6F /* Base */,
			);
			name = Main.storyboard;
			sourceTree = "<group>";
		};
		7AA4F8C518F88D2300408C6F /* InfoPlist.strings */ = {
			isa = PBXVariantGroup;
			children = (
				7AA4F8C618F88D2300408C6F /* en */,
			);
			name = InfoPlist.strings;
			sourceTree = "<group>";
		};
/* End PBXVariantGroup section */

/* Begin XCBuildConfiguration section */
		7AA4F8CA18F88D2300408C6F /* Debug */ = {
			isa = XCBuildConfiguration;
			buildSettings = {
				ALWAYS_SEARCH_USER_PATHS = NO;
				CLANG_CXX_LANGUAGE_STANDARD = "gnu++0x";
				CLANG_CXX_LIBRARY = "libc++";
				CLANG_ENABLE_MODULES = YES;
				CLANG_ENABLE_OBJC_ARC = YES;
				CLANG_WARN_BOOL_CONVERSION = YES;
				CLANG_WARN_CONSTANT_CONVERSION = YES;
				CLANG_WARN_DIRECT_OBJC_ISA_USAGE = YES_ERROR;
				CLANG_WARN_EMPTY_BODY = YES;
				CLANG_WARN_ENUM_CONVERSION = YES;
				CLANG_WARN_INT_CONVERSION = YES;
				CLANG_WARN_OBJC_ROOT_CLASS = YES_ERROR;
				CLANG_WARN__DUPLICATE_METHOD_MATCH = YES;
				"CODE_SIGN_IDENTITY[sdk=iphoneos*]" = "iPhone Developer";
				COPY_PHASE_STRIP = NO;
				GCC_C_LANGUAGE_STANDARD = gnu99;
				GCC_DYNAMIC_NO_PIC = NO;
				GCC_OPTIMIZATION_LEVEL = 0;
				GCC_PREPROCESSOR_DEFINITIONS = (
					"DEBUG=1",
					"$(inherited)",
				);
				GCC_SYMBOLS_PRIVATE_EXTERN = NO;
				GCC_WARN_64_TO_32_BIT_CONVERSION = YES;
				GCC_WARN_ABOUT_RETURN_TYPE = YES_ERROR;
				GCC_WARN_UNDECLARED_SELECTOR = YES;
				GCC_WARN_UNINITIALIZED_AUTOS = YES_AGGRESSIVE;
				GCC_WARN_UNUSED_FUNCTION = YES;
				GCC_WARN_UNUSED_VARIABLE = YES;
				IPHONEOS_DEPLOYMENT_TARGET = 7.1;
				ONLY_ACTIVE_ARCH = YES;
				SDKROOT = iphoneos;
			};
			name = Debug;
		};
		7AA4F8CB18F88D2300408C6F /* Release */ = {
			isa = XCBuildConfiguration;
			buildSettings = {
				ALWAYS_SEARCH_USER_PATHS = NO;
				CLANG_CXX_LANGUAGE_STANDARD = "gnu++0x";
				CLANG_CXX_LIBRARY = "libc++";
				CLANG_ENABLE_MODULES = YES;
				CLANG_ENABLE_OBJC_ARC = YES;
				CLANG_WARN_BOOL_CONVERSION = YES;
				CLANG_WARN_CONSTANT_CONVERSION = YES;
				CLANG_WARN_DIRECT_OBJC_ISA_USAGE = YES_ERROR;
				CLANG_WARN_EMPTY_BODY = YES;
				CLANG_WARN_ENUM_CONVERSION = YES;
				CLANG_WARN_INT_CONVERSION = YES;
				CLANG_WARN_OBJC_ROOT_CLASS = YES_ERROR;
				CLANG_WARN__DUPLICATE_METHOD_MATCH = YES;
				"CODE_SIGN_IDENTITY[sdk=iphoneos*]" = "iPhone Developer";
				COPY_PHASE_STRIP = YES;
				ENABLE_NS_ASSERTIONS = NO;
				GCC_C_LANGUAGE_STANDARD = gnu99;
				GCC_WARN_64_TO_32_BIT_CONVERSION = YES;
				GCC_WARN_ABOUT_RETURN_TYPE = YES_ERROR;
				GCC_WARN_UNDECLARED_SELECTOR = YES;
				GCC_WARN_UNINITIALIZED_AUTOS = YES_AGGRESSIVE;
				GCC_WARN_UNUSED_FUNCTION = YES;
				GCC_WARN_UNUSED_VARIABLE = YES;
				IPHONEOS_DEPLOYMENT_TARGET = 7.1;
				SDKROOT = iphoneos;
				VALIDATE_PRODUCT = YES;
			};
			name = Release;
		};
		7AA4F8CD18F88D2300408C6F /* Debug */ = {
			isa = XCBuildConfiguration;
			buildSettings = {
				ASSETCATALOG_COMPILER_APPICON_NAME = AppIcon;
				ASSETCATALOG_COMPILER_LAUNCHIMAGE_NAME = LaunchImage;
				GCC_PRECOMPILE_PREFIX_HEADER = YES;
				GCC_PREFIX_HEADER = "OrShop/OrShop-Prefix.pch";
				INFOPLIST_FILE = "OrShop/OrShop-Info.plist";
				PRODUCT_NAME = "$(TARGET_NAME)";
				WRAPPER_EXTENSION = app;
			};
			name = Debug;
		};
		7AA4F8CE18F88D2300408C6F /* Release */ = {
			isa = XCBuildConfiguration;
			buildSettings = {
				ASSETCATALOG_COMPILER_APPICON_NAME = AppIcon;
				ASSETCATALOG_COMPILER_LAUNCHIMAGE_NAME = LaunchImage;
				GCC_PRECOMPILE_PREFIX_HEADER = YES;
				GCC_PREFIX_HEADER = "OrShop/OrShop-Prefix.pch";
				INFOPLIST_FILE = "OrShop/OrShop-Info.plist";
				PRODUCT_NAME = "$(TARGET_NAME)";
				WRAPPER_EXTENSION = app;
			};
			name = Release;
		};
		7AA4F8D018F88D2300408C6F /* Debug */ = {
			isa = XCBuildConfiguration;
			buildSettings = {
				BUNDLE_LOADER = "$(BUILT_PRODUCTS_DIR)/OrShop.app/OrShop";
				FRAMEWORK_SEARCH_PATHS = (
					"$(SDKROOT)/Developer/Library/Frameworks",
					"$(inherited)",
					"$(DEVELOPER_FRAMEWORKS_DIR)",
				);
				GCC_PRECOMPILE_PREFIX_HEADER = YES;
				GCC_PREFIX_HEADER = "OrShop/OrShop-Prefix.pch";
				GCC_PREPROCESSOR_DEFINITIONS = (
					"DEBUG=1",
					"$(inherited)",
				);
				INFOPLIST_FILE = "OrShopTests/OrShopTests-Info.plist";
				PRODUCT_NAME = "$(TARGET_NAME)";
				TEST_HOST = "$(BUNDLE_LOADER)";
				WRAPPER_EXTENSION = xctest;
			};
			name = Debug;
		};
		7AA4F8D118F88D2300408C6F /* Release */ = {
			isa = XCBuildConfiguration;
			buildSettings = {
				BUNDLE_LOADER = "$(BUILT_PRODUCTS_DIR)/OrShop.app/OrShop";
				FRAMEWORK_SEARCH_PATHS = (
					"$(SDKROOT)/Developer/Library/Frameworks",
					"$(inherited)",
					"$(DEVELOPER_FRAMEWORKS_DIR)",
				);
				GCC_PRECOMPILE_PREFIX_HEADER = YES;
				GCC_PREFIX_HEADER = "OrShop/OrShop-Prefix.pch";
				INFOPLIST_FILE = "OrShopTests/OrShopTests-Info.plist";
				PRODUCT_NAME = "$(TARGET_NAME)";
				TEST_HOST = "$(BUNDLE_LOADER)";
				WRAPPER_EXTENSION = xctest;
			};
			name = Release;
		};
/* End XCBuildConfiguration section */

/* Begin XCConfigurationList section */
		7AA4F89518F88D2200408C6F /* Build configuration list for PBXProject "OrShop" */ = {
			isa = XCConfigurationList;
			buildConfigurations = (
				7AA4F8CA18F88D2300408C6F /* Debug */,
				7AA4F8CB18F88D2300408C6F /* Release */,
			);
			defaultConfigurationIsVisible = 0;
			defaultConfigurationName = Release;
		};
		7AA4F8CC18F88D2300408C6F /* Build configuration list for PBXNativeTarget "OrShop" */ = {
			isa = XCConfigurationList;
			buildConfigurations = (
				7AA4F8CD18F88D2300408C6F /* Debug */,
				7AA4F8CE18F88D2300408C6F /* Release */,
			);
			defaultConfigurationIsVisible = 0;
			defaultConfigurationName = Release;
		};
		7AA4F8CF18F88D2300408C6F /* Build configuration list for PBXNativeTarget "OrShopTests" */ = {
			isa = XCConfigurationList;
			buildConfigurations = (
				7AA4F8D018F88D2300408C6F /* Debug */,
				7AA4F8D118F88D2300408C6F /* Release */,
			);
			defaultConfigurationIsVisible = 0;
			defaultConfigurationName = Release;
		};
/* End XCConfigurationList section */
	};
	rootObject = 7AA4F89218F88D2200408C6F /* Project object */;
}
